
Microsoft Visual Studio Solution File, Format Version 10.00
# Visual Studio 2008
Project("{8BC9CEB8-8B4A-11D0-8D11-00A0C91BC942}") = "Render_Video", "Render_Video\Render_Video.vcproj", "{832CD286-AB1F-43A7-B738-546C022A5D43}"
EndProject
Global
	GlobalSection(SolutionConfigurationPlatforms) = preSolution
		Debug|Win32 = Debug|Win32
		Debug-Test|Win32 = Debug-Test|Win32
		Release|Win32 = Release|Win32
	EndGlobalSection
	GlobalSection(ProjectConfigurationPlatforms) = postSolution
		{832CD286-AB1F-43A7-B738-546C022A5D43}.Debug|Win32.ActiveCfg = Debug|Win32
		{832CD286-AB1F-43A7-B738-546C022A5D43}.Debug|Win32.Build.0 = Debug|Win32
		{832CD286-AB1F-43A7-B738-546C022A5D43}.Debug-Test|Win32.ActiveCfg = Debug-Test|Win32
		{832CD286-AB1F-43A7-B738-546C022A5D43}.Debug-Test|Win32.Build.0 = Debug-Test|Win32
		{832CD286-AB1F-43A7-B738-546C022A5D43}.Release|Win32.ActiveCfg = Release|Win32
		{832CD286-AB1F-43A7-B738-546C022A5D43}.Release|Win32.Build.0 = Release|Win32
	EndGlobalSection
	GlobalSection(SolutionProperties) = preSolution
		HideSolutionNode = FALSE
	EndGlobalSection
EndGlobal
